
Microsoft Visual Studio Solution File, Format Version 12.00
# Visual Studio Version 17
VisualStudioVersion = 17.2.32210.308
MinimumVisualStudioVersion = 10.0.40219.1
Project("{9A19103F-16F7-4668-BE54-9A1E7A4F7556}") = "VrcOscIntegrations", "VrcOscIntegrations\VrcOscIntegrations.csproj", "{69FF62FC-F8F0-4070-8B14-7D643F2F39C3}"
EndProject
Global
	GlobalSection(SolutionConfigurationPlatforms) = preSolution
		Debug|Any CPU = Debug|Any CPU
		Release|Any CPU = Release|Any CPU
	EndGlobalSection
	GlobalSection(ProjectConfigurationPlatforms) = postSolution
		{69FF62FC-F8F0-4070-8B14-7D643F2F39C3}.Debug|Any CPU.ActiveCfg = Debug|Any CPU
		{69FF62FC-F8F0-4070-8B14-7D643F2F39C3}.Debug|Any CPU.Build.0 = Debug|Any CPU
		{69FF62FC-F8F0-4070-8B14-7D643F2F39C3}.Release|Any CPU.ActiveCfg = Release|Any CPU
		{69FF62FC-F8F0-4070-8B14-7D643F2F39C3}.Release|Any CPU.Build.0 = Release|Any CPU
	EndGlobalSection
	GlobalSection(SolutionProperties) = preSolution
		HideSolutionNode = FALSE
	EndGlobalSection
	GlobalSection(ExtensibilityGlobals) = postSolution
		SolutionGuid = {660CFD7E-59C1-40A6-859D-58DC97A3F57F}
	EndGlobalSection
EndGlobal
